{
  "nodes": {
    "nixpkgs": {
      "locked": {
        "lastModified": 0,
        "narHash": "sha256-Ly4j75O8ICaSQx3uxPnwk2x7PMF0XQvn5r0c3yBA7FI=",
        "path": "/nix/store/0iprnlsgyf6kv98rvfjpxr60xqn42hsw-source",
        "type": "path"
      },
      "original": {
        "id": "nixpkgs",
        "type": "indirect"
      }
    },
    "root": {
      "inputs": {
        "nixpkgs": "nixpkgs"
      }
    }
  },
  "root": "root",
  "version": 7
}
